Microsoft Visual Studio Solution File, Format Version 12.00
# Visual Studio 2012
Project("{FAE04EC0-301F-11D3-BF4B-00C04F79EFBC}") = "0011 Godot Sharp Howto Hitbox And Hurtbox", "0011 Godot Sharp Howto Hitbox And Hurtbox.csproj", "{BBB1F151-0021-49DC-A9C6-CF7ED2290BCC}"
EndProject
Global
	GlobalSection(SolutionConfigurationPlatforms) = preSolution
	Debug|Any CPU = Debug|Any CPU
	ExportDebug|Any CPU = ExportDebug|Any CPU
	ExportRelease|Any CPU = ExportRelease|Any CPU
	EndGlobalSection
	GlobalSection(ProjectConfigurationPlatforms) = postSolution
		{BBB1F151-0021-49DC-A9C6-CF7ED2290BCC}.Debug|Any CPU.ActiveCfg = Debug|Any CPU
		{BBB1F151-0021-49DC-A9C6-CF7ED2290BCC}.Debug|Any CPU.Build.0 = Debug|Any CPU
		{BBB1F151-0021-49DC-A9C6-CF7ED2290BCC}.ExportDebug|Any CPU.ActiveCfg = ExportDebug|Any CPU
		{BBB1F151-0021-49DC-A9C6-CF7ED2290BCC}.ExportDebug|Any CPU.Build.0 = ExportDebug|Any CPU
		{BBB1F151-0021-49DC-A9C6-CF7ED2290BCC}.ExportRelease|Any CPU.ActiveCfg = ExportRelease|Any CPU
		{BBB1F151-0021-49DC-A9C6-CF7ED2290BCC}.ExportRelease|Any CPU.Build.0 = ExportRelease|Any CPU
	EndGlobalSection
EndGlobal
